// !$*UTF8*$!
{
	archiveVersion = 1;
	classes = {
	};
	objectVersion = 50;
	objects = {

/* Begin PBXBuildFile section */
		7A013572266A65E800C36AC6 /* MainViewController.swift in Sources */ = {isa = PBXBuildFile; fileRef = 7A013571266A65E800C36AC6 /* MainViewController.swift */; };
		7A013576266B2FFD00C36AC6 /* Color.swift in Sources */ = {isa = PBXBuildFile; fileRef = 7A013575266B2FFD00C36AC6 /* Color.swift */; };
		7A013578266BD18000C36AC6 /* Extensions.swift in Sources */ = {isa = PBXBuildFile; fileRef = 7A013577266BD18000C36AC6 /* Extensions.swift */; };
		7A3CD3DE2657E63300F45EFC /* AppDelegate.swift in Sources */ = {isa = PBXBuildFile; fileRef = 7A3CD3DD2657E63300F45EFC /* AppDelegate.swift */; };
		7A3CD3E02657E63300F45EFC /* SceneDelegate.swift in Sources */ = {isa = PBXBuildFile; fileRef = 7A3CD3DF2657E63300F45EFC /* SceneDelegate.swift */; };
		7A3CD3E22657E63300F45EFC /* SettingsViewController.swift in Sources */ = {isa = PBXBuildFile; fileRef = 7A3CD3E12657E63300F45EFC /* SettingsViewController.swift */; };
		7A3CD3E52657E63300F45EFC /* Main.storyboard in Resources */ = {isa = PBXBuildFile; fileRef = 7A3CD3E32657E63300F45EFC /* Main.storyboard */; };
		7A3CD3E72657E63400F45EFC /* Assets.xcassets in Resources */ = {isa = PBXBuildFile; fileRef = 7A3CD3E62657E63400F45EFC /* Assets.xcassets */; };
		7A3CD3EA2657E63400F45EFC /* LaunchScreen.storyboard in Resources */ = {isa = PBXBuildFile; fileRef = 7A3CD3E82657E63400F45EFC /* LaunchScreen.storyboard */; };
/* End PBXBuildFile section */

/* Begin PBXFileReference section */
		7A013571266A65E800C36AC6 /* MainViewController.swift */ = {isa = PBXFileReference; lastKnownFileType = sourcecode.swift; path = MainViewController.swift; sourceTree = "<group>"; };
		7A013575266B2FFD00C36AC6 /* Color.swift */ = {isa = PBXFileReference; lastKnownFileType = sourcecode.swift; path = Color.swift; sourceTree = "<group>"; };
		7A013577266BD18000C36AC6 /* Extensions.swift */ = {isa = PBXFileReference; lastKnownFileType = sourcecode.swift; path = Extensions.swift; sourceTree = "<group>"; };
		7A3CD3DA2657E63300F45EFC /* homeWork2.6.app */ = {isa = PBXFileReference; explicitFileType = wrapper.application; includeInIndex = 0; path = homeWork2.6.app; sourceTree = BUILT_PRODUCTS_DIR; };
		7A3CD3DD2657E63300F45EFC /* AppDelegate.swift */ = {isa = PBXFileReference; lastKnownFileType = sourcecode.swift; path = AppDelegate.swift; sourceTree = "<group>"; };
		7A3CD3DF2657E63300F45EFC /* SceneDelegate.swift */ = {isa = PBXFileReference; lastKnownFileType = sourcecode.swift; path = SceneDelegate.swift; sourceTree = "<group>"; };
		7A3CD3E12657E63300F45EFC /* SettingsViewController.swift */ = {isa = PBXFileReference; lastKnownFileType = sourcecode.swift; path = SettingsViewController.swift; sourceTree = "<group>"; };
		7A3CD3E42657E63300F45EFC /* Base */ = {isa = PBXFileReference; lastKnownFileType = file.storyboard; name = Base; path = Base.lproj/Main.storyboard; sourceTree = "<group>"; };
		7A3CD3E62657E63400F45EFC /* Assets.xcassets */ = {isa = PBXFileReference; lastKnownFileType = folder.assetcatalog; path = Assets.xcassets; sourceTree = "<group>"; };
		7A3CD3E92657E63400F45EFC /* Base */ = {isa = PBXFileReference; lastKnownFileType = file.storyboard; name = Base; path = Base.lproj/LaunchScreen.storyboard; sourceTree = "<group>"; };
		7A3CD3EB2657E63400F45EFC /* Info.plist */ = {isa = PBXFileReference; lastKnownFileType = text.plist.xml; path = Info.plist; sourceTree = "<group>"; };
/* End PBXFileReference section */

/* Begin PBXFrameworksBuildPhase section */
		7A3CD3D72657E63300F45EFC /* Frameworks */ = {
			isa = PBXFrameworksBuildPhase;
			buildActionMask = 2147483647;
			files = (
			);
			runOnlyForDeploymentPostprocessing = 0;
		};
/* End PBXFrameworksBuildPhase section */

/* Begin PBXGroup section */
		7A013579266C974B00C36AC6 /* ViewControllers */ = {
			isa = PBXGroup;
			children = (
				7A3CD3E12657E63300F45EFC /* SettingsViewController.swift */,
				7A013571266A65E800C36AC6 /* MainViewController.swift */,
			);
			path = ViewControllers;
			sourceTree = "<group>";
		};
		7A01357A266C977300C36AC6 /* Models */ = {
			isa = PBXGroup;
			children = (
				7A013575266B2FFD00C36AC6 /* Color.swift */,
			);
			path = Models;
			sourceTree = "<group>";
		};
		7A01357B266C978600C36AC6 /* Storyboards */ = {
			isa = PBXGroup;
			children = (
				7A3CD3E32657E63300F45EFC /* Main.storyboard */,
				7A3CD3E82657E63400F45EFC /* LaunchScreen.storyboard */,
			);
			path = Storyboards;
			sourceTree = "<group>";
		};
		7A01357C266C97AF00C36AC6 /* Resources */ = {
			isa = PBXGroup;
			children = (
				7A3CD3E62657E63400F45EFC /* Assets.xcassets */,
			);
			path = Resources;
			sourceTree = "<group>";
		};
		7A01357D266C97D500C36AC6 /* Supporting Files */ = {
			isa = PBXGroup;
			children = (
				7A013577266BD18000C36AC6 /* Extensions.swift */,
				7A3CD3DF2657E63300F45EFC /* SceneDelegate.swift */,
				7A3CD3DD2657E63300F45EFC /* AppDelegate.swift */,
				7A3CD3EB2657E63400F45EFC /* Info.plist */,
			);
			path = "Supporting Files";
			sourceTree = "<group>";
		};
		7A3CD3D12657E63300F45EFC = {
			isa = PBXGroup;
			children = (
				7A3CD3DC2657E63300F45EFC /* homeWork2.6 */,
				7A3CD3DB2657E63300F45EFC /* Products */,
			);
			sourceTree = "<group>";
		};
		7A3CD3DB2657E63300F45EFC /* Products */ = {
			isa = PBXGroup;
			children = (
				7A3CD3DA2657E63300F45EFC /* homeWork2.6.app */,
			);
			name = Products;
			sourceTree = "<group>";
		};
		7A3CD3DC2657E63300F45EFC /* homeWork2.6 */ = {
			isa = PBXGroup;
			children = (
				7A01357B266C978600C36AC6 /* Storyboards */,
				7A01357A266C977300C36AC6 /* Models */,
				7A013579266C974B00C36AC6 /* ViewControllers */,
				7A01357C266C97AF00C36AC6 /* Resources */,
				7A01357D266C97D500C36AC6 /* Supporting Files */,
			);
			path = homeWork2.6;
			sourceTree = "<group>";
		};
/* End PBXGroup section */

/* Begin PBXNativeTarget section */
		7A3CD3D92657E63300F45EFC /* homeWork2.6 */ = {
			isa = PBXNativeTarget;
			buildConfigurationList = 7A3CD3EE2657E63400F45EFC /* Build configuration list for PBXNativeTarget "homeWork2.6" */;
			buildPhases = (
				7A3CD3D62657E63300F45EFC /* Sources */,
				7A3CD3D72657E63300F45EFC /* Frameworks */,
				7A3CD3D82657E63300F45EFC /* Resources */,
			);
			buildRules = (
			);
			dependencies = (
			);
			name = homeWork2.6;
			productName = homeWork2.2;
			productReference = 7A3CD3DA2657E63300F45EFC /* homeWork2.6.app */;
			productType = "com.apple.product-type.application";
		};
/* End PBXNativeTarget section */

/* Begin PBXProject section */
		7A3CD3D22657E63300F45EFC /* Project object */ = {
			isa = PBXProject;
			attributes = {
				LastSwiftUpdateCheck = 1250;
				LastUpgradeCheck = 1250;
				TargetAttributes = {
					7A3CD3D92657E63300F45EFC = {
						CreatedOnToolsVersion = 12.5;
					};
				};
			};
			buildConfigurationList = 7A3CD3D52657E63300F45EFC /* Build configuration list for PBXProject "homeWork2.6" */;
			compatibilityVersion = "Xcode 9.3";
			developmentRegion = en;
			hasScannedForEncodings = 0;
			knownRegions = (
				en,
				Base,
			);
			mainGroup = 7A3CD3D12657E63300F45EFC;
			productRefGroup = 7A3CD3DB2657E63300F45EFC /* Products */;
			projectDirPath = "";
			projectRoot = "";
			targets = (
				7A3CD3D92657E63300F45EFC /* homeWork2.6 */,
			);
		};
/* End PBXProject section */

/* Begin PBXResourcesBuildPhase section */
		7A3CD3D82657E63300F45EFC /* Resources */ = {
			isa = PBXResourcesBuildPhase;
			buildActionMask = 2147483647;
			files = (
				7A3CD3EA2657E63400F45EFC /* LaunchScreen.storyboard in Resources */,
				7A3CD3E72657E63400F45EFC /* Assets.xcassets in Resources */,
				7A3CD3E52657E63300F45EFC /* Main.storyboard in Resources */,
			);
			runOnlyForDeploymentPostprocessing = 0;
		};
/* End PBXResourcesBuildPhase section */

/* Begin PBXSourcesBuildPhase section */
		7A3CD3D62657E63300F45EFC /* Sources */ = {
			isa = PBXSourcesBuildPhase;
			buildActionMask = 2147483647;
			files = (
				7A3CD3E22657E63300F45EFC /* SettingsViewController.swift in Sources */,
				7A013578266BD18000C36AC6 /* Extensions.swift in Sources */,
				7A3CD3DE2657E63300F45EFC /* AppDelegate.swift in Sources */,
				7A3CD3E02657E63300F45EFC /* SceneDelegate.swift in Sources */,
				7A013576266B2FFD00C36AC6 /* Color.swift in Sources */,
				7A013572266A65E800C36AC6 /* MainViewController.swift in Sources */,
			);
			runOnlyForDeploymentPostprocessing = 0;
		};
/* End PBXSourcesBuildPhase section */

/* Begin PBXVariantGroup section */
		7A3CD3E32657E63300F45EFC /* Main.storyboard */ = {
			isa = PBXVariantGroup;
			children = (
				7A3CD3E42657E63300F45EFC /* Base */,
			);
			name = Main.storyboard;
			sourceTree = "<group>";
		};
		7A3CD3E82657E63400F45EFC /* LaunchScreen.storyboard */ = {
			isa = PBXVariantGroup;
			children = (
				7A3CD3E92657E63400F45EFC /* Base */,
			);
			name = LaunchScreen.storyboard;
			sourceTree = "<group>";
		};
/* End PBXVariantGroup section */

/* Begin XCBuildConfiguration section */
		7A3CD3EC2657E63400F45EFC /* Debug */ = {
			isa = XCBuildConfiguration;
			buildSettings = {
				ALWAYS_SEARCH_USER_PATHS = NO;
				CLANG_ANALYZER_NONNULL = YES;
				CLANG_ANALYZER_NUMBER_OBJECT_CONVERSION = YES_AGGRESSIVE;
				CLANG_CXX_LANGUAGE_STANDARD = "gnu++14";
				CLANG_CXX_LIBRARY = "libc++";
				CLANG_ENABLE_MODULES = YES;
				CLANG_ENABLE_OBJC_ARC = YES;
				CLANG_ENABLE_OBJC_WEAK = YES;
				CLANG_WARN_BLOCK_CAPTURE_AUTORELEASING = YES;
				CLANG_WARN_BOOL_CONVERSION = YES;
				CLANG_WARN_COMMA = YES;
				CLANG_WARN_CONSTANT_CONVERSION = YES;
				CLANG_WARN_DEPRECATED_OBJC_IMPLEMENTATIONS = YES;
				CLANG_WARN_DIRECT_OBJC_ISA_USAGE = YES_ERROR;
				CLANG_WARN_DOCUMENTATION_COMMENTS = YES;
				CLANG_WARN_EMPTY_BODY = YES;
				CLANG_WARN_ENUM_CONVERSION = YES;
				CLANG_WARN_INFINITE_RECURSION = YES;
				CLANG_WARN_INT_CONVERSION = YES;
				CLANG_WARN_NON_LITERAL_NULL_CONVERSION = YES;
				CLANG_WARN_OBJC_IMPLICIT_RETAIN_SELF = YES;
				CLANG_WARN_OBJC_LITERAL_CONVERSION = YES;
				CLANG_WARN_OBJC_ROOT_CLASS = YES_ERROR;
				CLANG_WARN_QUOTED_INCLUDE_IN_FRAMEWORK_HEADER = YES;
				CLANG_WARN_RANGE_LOOP_ANALYSIS = YES;
				CLANG_WARN_STRICT_PROTOTYPES = YES;
				CLANG_WARN_SUSPICIOUS_MOVE = YES;
				CLANG_WARN_UNGUARDED_AVAILABILITY = YES_AGGRESSIVE;
				CLANG_WARN_UNREACHABLE_CODE = YES;
				CLANG_WARN__DUPLICATE_METHOD_MATCH = YES;
				COPY_PHASE_STRIP = NO;
				DEBUG_INFORMATION_FORMAT = dwarf;
				ENABLE_STRICT_OBJC_MSGSEND = YES;
				ENABLE_TESTABILITY = YES;
				GCC_C_LANGUAGE_STANDARD = gnu11;
				GCC_DYNAMIC_NO_PIC = NO;
				GCC_NO_COMMON_BLOCKS = YES;
				GCC_OPTIMIZATION_LEVEL = 0;
				GCC_PREPROCESSOR_DEFINITIONS = (
					"DEBUG=1",
					"$(inherited)",
				);
				GCC_WARN_64_TO_32_BIT_CONVERSION = YES;
				GCC_WARN_ABOUT_RETURN_TYPE = YES_ERROR;
				GCC_WARN_UNDECLARED_SELECTOR = YES;
				GCC_WARN_UNINITIALIZED_AUTOS = YES_AGGRESSIVE;
				GCC_WARN_UNUSED_FUNCTION = YES;
				GCC_WARN_UNUSED_VARIABLE = YES;
				IPHONEOS_DEPLOYMENT_TARGET = 14.5;
				MTL_ENABLE_DEBUG_INFO = INCLUDE_SOURCE;
				MTL_FAST_MATH = YES;
				ONLY_ACTIVE_ARCH = YES;
				SDKROOT = iphoneos;
				SWIFT_ACTIVE_COMPILATION_CONDITIONS = DEBUG;
				SWIFT_OPTIMIZATION_LEVEL = "-Onone";
			};
			name = Debug;
		};
		7A3CD3ED2657E63400F45EFC /* Release */ = {
			isa = XCBuildConfiguration;
			buildSettings = {
				ALWAYS_SEARCH_USER_PATHS = NO;
				CLANG_ANALYZER_NONNULL = YES;
				CLANG_ANALYZER_NUMBER_OBJECT_CONVERSION = YES_AGGRESSIVE;
				CLANG_CXX_LANGUAGE_STANDARD = "gnu++14";
				CLANG_CXX_LIBRARY = "libc++";
				CLANG_ENABLE_MODULES = YES;
				CLANG_ENABLE_OBJC_ARC = YES;
				CLANG_ENABLE_OBJC_WEAK = YES;
				CLANG_WARN_BLOCK_CAPTURE_AUTORELEASING = YES;
				CLANG_WARN_BOOL_CONVERSION = YES;
				CLANG_WARN_COMMA = YES;
				CLANG_WARN_CONSTANT_CONVERSION = YES;
				CLANG_WARN_DEPRECATED_OBJC_IMPLEMENTATIONS = YES;
				CLANG_WARN_DIRECT_OBJC_ISA_USAGE = YES_ERROR;
				CLANG_WARN_DOCUMENTATION_COMMENTS = YES;
				CLANG_WARN_EMPTY_BODY = YES;
				CLANG_WARN_ENUM_CONVERSION = YES;
				CLANG_WARN_INFINITE_RECURSION = YES;
				CLANG_WARN_INT_CONVERSION = YES;
				CLANG_WARN_NON_LITERAL_NULL_CONVERSION = YES;
				CLANG_WARN_OBJC_IMPLICIT_RETAIN_SELF = YES;
				CLANG_WARN_OBJC_LITERAL_CONVERSION = YES;
				CLANG_WARN_OBJC_ROOT_CLASS = YES_ERROR;
				CLANG_WARN_QUOTED_INCLUDE_IN_FRAMEWORK_HEADER = YES;
				CLANG_WARN_RANGE_LOOP_ANALYSIS = YES;
				CLANG_WARN_STRICT_PROTOTYPES = YES;
				CLANG_WARN_SUSPICIOUS_MOVE = YES;
				CLANG_WARN_UNGUARDED_AVAILABILITY = YES_AGGRESSIVE;
				CLANG_WARN_UNREACHABLE_CODE = YES;
				CLANG_WARN__DUPLICATE_METHOD_MATCH = YES;
				COPY_PHASE_STRIP = NO;
				DEBUG_INFORMATION_FORMAT = "dwarf-with-dsym";
				ENABLE_NS_ASSERTIONS = NO;
				ENABLE_STRICT_OBJC_MSGSEND = YES;
				GCC_C_LANGUAGE_STANDARD = gnu11;
				GCC_NO_COMMON_BLOCKS = YES;
				GCC_WARN_64_TO_32_BIT_CONVERSION = YES;
				GCC_WARN_ABOUT_RETURN_TYPE = YES_ERROR;
				GCC_WARN_UNDECLARED_SELECTOR = YES;
				GCC_WARN_UNINITIALIZED_AUTOS = YES_AGGRESSIVE;
				GCC_WARN_UNUSED_FUNCTION = YES;
				GCC_WARN_UNUSED_VARIABLE = YES;
				IPHONEOS_DEPLOYMENT_TARGET = 14.5;
				MTL_ENABLE_DEBUG_INFO = NO;
				MTL_FAST_MATH = YES;
				SDKROOT = iphoneos;
				SWIFT_COMPILATION_MODE = wholemodule;
				SWIFT_OPTIMIZATION_LEVEL = "-O";
				VALIDATE_PRODUCT = YES;
			};
			name = Release;
		};
		7A3CD3EF2657E63400F45EFC /* Debug */ = {
			isa = XCBuildConfiguration;
			buildSettings = {
				ASSETCATALOG_COMPILER_APPICON_NAME = AppIcon;
				ASSETCATALOG_COMPILER_GLOBAL_ACCENT_COLOR_NAME = AccentColor;
				CODE_SIGN_STYLE = Automatic;
				DEVELOPMENT_TEAM = J3726986L3;
				INFOPLIST_FILE = "homeWork2.6/Supporting Files/Info.plist";
				IPHONEOS_DEPLOYMENT_TARGET = 13.0;
				LD_RUNPATH_SEARCH_PATHS = (
					"$(inherited)",
					"@executable_path/Frameworks",
				);
				PRODUCT_BUNDLE_IDENTIFIER = Melasha.homeWork2.6;
				PRODUCT_NAME = "$(TARGET_NAME)";
				SWIFT_VERSION = 5.0;
				TARGETED_DEVICE_FAMILY = 1;
			};
			name = Debug;
		};
		7A3CD3F02657E63400F45EFC /* Release */ = {
			isa = XCBuildConfiguration;
			buildSettings = {
				ASSETCATALOG_COMPILER_APPICON_NAME = AppIcon;
				ASSETCATALOG_COMPILER_GLOBAL_ACCENT_COLOR_NAME = AccentColor;
				CODE_SIGN_STYLE = Automatic;
				DEVELOPMENT_TEAM = J3726986L3;
				INFOPLIST_FILE = "homeWork2.6/Supporting Files/Info.plist";
				IPHONEOS_DEPLOYMENT_TARGET = 13.0;
				LD_RUNPATH_SEARCH_PATHS = (
					"$(inherited)",
					"@executable_path/Frameworks",
				);
				PRODUCT_BUNDLE_IDENTIFIER = Melasha.homeWork2.6;
				PRODUCT_NAME = "$(TARGET_NAME)";
				SWIFT_VERSION = 5.0;
				TARGETED_DEVICE_FAMILY = 1;
			};
			name = Release;
		};
/* End XCBuildConfiguration section */

/* Begin XCConfigurationList section */
		7A3CD3D52657E63300F45EFC /* Build configuration list for PBXProject "homeWork2.6" */ = {
			isa = XCConfigurationList;
			buildConfigurations = (
				7A3CD3EC2657E63400F45EFC /* Debug */,
				7A3CD3ED2657E63400F45EFC /* Release */,
			);
			defaultConfigurationIsVisible = 0;
			defaultConfigurationName = Release;
		};
		7A3CD3EE2657E63400F45EFC /* Build configuration list for PBXNativeTarget "homeWork2.6" */ = {
			isa = XCConfigurationList;
			buildConfigurations = (
				7A3CD3EF2657E63400F45EFC /* Debug */,
				7A3CD3F02657E63400F45EFC /* Release */,
			);
			defaultConfigurationIsVisible = 0;
			defaultConfigurationName = Release;
		};
/* End XCConfigurationList section */
	};
	rootObject = 7A3CD3D22657E63300F45EFC /* Project object */;
}
